<Solution>
  <Folder Name="/HomeLab/" />
  <Folder Name="/HomeLab/HomeLab.Tests/">
    <Project Path="HomeLab/HomeLab.Tests/HomeLab.Server.Tests/HomeLab.Server.Tests.csproj" />
  </Folder>
  <Project Path="HomeLab.AppHost/HomeLab.AppHost.csproj" />
  <Project Path="HomeLab.ServiceDefaults/HomeLab.ServiceDefaults.csproj" />
  <Project Path="HomeLab.Shared/HomeLab.Shared.csproj" />
  <Project Path="HomeLab/HomeLab/HomeLab.csproj" />
  <Project Path="HomeLab/HomeLab.Client/HomeLab.Client.csproj" />
  <Project Path="HomeLab.NativeClient/HomeLab.NativeClient/HomeLab.NativeClient.csproj" />
  <Project Path="HomeLab.NativeClient/HomeLab.NativeClient.Desktop/HomeLab.NativeClient.Desktop.csproj" />
  <Project Path="HomeLab.NativeClient/HomeLab.NativeClient.Android/HomeLab.NativeClient.Android.csproj" />
</Solution>
